
Microsoft Visual Studio Solution File, Format Version 12.00
# Visual Studio Version 16
VisualStudioVersion = 16.0.31129.286
MinimumVisualStudioVersion = 10.0.40219.1
Project("{FAE04EC0-301F-11D3-BF4B-00C04F79EFBC}") = "WinFormsApp_SymbolsOfStrings_59112", "WinFormsApp_SymbolsOfStrings_59112\WinFormsApp_SymbolsOfStrings_59112.csproj", "{9E3226CA-03FA-4FE5-A7F1-746492C54B34}"
EndProject
Global
	GlobalSection(SolutionConfigurationPlatforms) = preSolution
		Debug|Any CPU = Debug|Any CPU
		Release|Any CPU = Release|Any CPU
	EndGlobalSection
	GlobalSection(ProjectConfigurationPlatforms) = postSolution
		{9E3226CA-03FA-4FE5-A7F1-746492C54B34}.Debug|Any CPU.ActiveCfg = Debug|Any CPU
		{9E3226CA-03FA-4FE5-A7F1-746492C54B34}.Debug|Any CPU.Build.0 = Debug|Any CPU
		{9E3226CA-03FA-4FE5-A7F1-746492C54B34}.Release|Any CPU.ActiveCfg = Release|Any CPU
		{9E3226CA-03FA-4FE5-A7F1-746492C54B34}.Release|Any CPU.Build.0 = Release|Any CPU
	EndGlobalSection
	GlobalSection(SolutionProperties) = preSolution
		HideSolutionNode = FALSE
	EndGlobalSection
	GlobalSection(ExtensibilityGlobals) = postSolution
		SolutionGuid = {5062D865-09CC-410C-B2D3-B043A5E889FB}
	EndGlobalSection
EndGlobal
